
Microsoft Visual Studio Solution File, Format Version 12.00
# Visual Studio 15
VisualStudioVersion = 15.0.28010.2026
MinimumVisualStudioVersion = 10.0.40219.1
Project("{2150E333-8FDC-42A3-9474-1A3956D46DE8}") = "BusinessLayer", "BusinessLayer", "{6A9952FE-84B9-4A7C-9E3A-649E33E97203}"
EndProject
Project("{2150E333-8FDC-42A3-9474-1A3956D46DE8}") = "DataAccessLayer", "DataAccessLayer", "{73D90756-356C-42B4-AEA4-51EDBEF7E5C5}"
EndProject
Project("{2150E333-8FDC-42A3-9474-1A3956D46DE8}") = "Helpers", "Helpers", "{AF752F39-B195-4E53-8F9C-AE6622188B6C}"
EndProject
Project("{2150E333-8FDC-42A3-9474-1A3956D46DE8}") = "RestApiLayer", "RestApiLayer", "{1D1ECF9F-2702-47C6-8810-EDA73351B5F9}"
EndProject
Project("{FAE04EC0-301F-11D3-BF4B-00C04F79EFBC}") = "Logger", "Logger\Logger.csproj", "{B41852A2-7B83-4184-94FF-928E41D21377}"
EndProject
Project("{FAE04EC0-301F-11D3-BF4B-00C04F79EFBC}") = "DataAccess", "DataAccess\DataAccess.csproj", "{CBA58AE6-5502-41BD-A9F2-F4AD8B95BE05}"
EndProject
Project("{FAE04EC0-301F-11D3-BF4B-00C04F79EFBC}") = "IDataAccess", "IDataAccess\IDataAccess.csproj", "{C1DA27F4-5EF5-418C-9136-0224703C41C2}"
EndProject
Project("{FAE04EC0-301F-11D3-BF4B-00C04F79EFBC}") = "DocumentManagementAPIs", "DocumentManagementAPIs\DocumentManagementAPIs.csproj", "{A789650A-7238-4EA7-85BE-1353FBD9C543}"
EndProject
Project("{FAE04EC0-301F-11D3-BF4B-00C04F79EFBC}") = "DocumentManagementAPIs.Tests", "DocumentManagementAPIs.Tests\DocumentManagementAPIs.Tests.csproj", "{A6BF04A1-9C6D-4029-A454-3A4036DDD616}"
EndProject
Project("{FAE04EC0-301F-11D3-BF4B-00C04F79EFBC}") = "IBusiness", "IBusiness\IBusiness.csproj", "{564F6050-F341-4748-A56E-C40464F64691}"
EndProject
Project("{FAE04EC0-301F-11D3-BF4B-00C04F79EFBC}") = "Business", "Business\Business.csproj", "{57FA2B04-7C24-4D4D-AEB9-5394E8D7E75E}"
EndProject
Project("{FAE04EC0-301F-11D3-BF4B-00C04F79EFBC}") = "Business.Tests", "Business.Tests\Business.Tests.csproj", "{2B9047F6-0943-4415-8B5A-7CAB605F06C3}"
EndProject
Project("{FAE04EC0-301F-11D3-BF4B-00C04F79EFBC}") = "DomainModels", "DomainModels\DomainModels.csproj", "{353259B3-1AFA-477A-BEEA-92CC5372F283}"
EndProject
Project("{FAE04EC0-301F-11D3-BF4B-00C04F79EFBC}") = "ViewModels", "ViewModels\ViewModels.csproj", "{60143B3C-B0BE-49B4-9A05-8DBC93D226E9}"
EndProject
Project("{FAE04EC0-301F-11D3-BF4B-00C04F79EFBC}") = "DataAccess.Tests", "DataAccess.Tests\DataAccess.Tests.csproj", "{0FE3171A-3546-45C5-B215-A597C40776ED}"
EndProject
Global
	GlobalSection(SolutionConfigurationPlatforms) = preSolution
		Debug|Any CPU = Debug|Any CPU
		Release|Any CPU = Release|Any CPU
	EndGlobalSection
	GlobalSection(ProjectConfigurationPlatforms) = postSolution
		{B41852A2-7B83-4184-94FF-928E41D21377}.Debug|Any CPU.ActiveCfg = Debug|Any CPU
		{B41852A2-7B83-4184-94FF-928E41D21377}.Debug|Any CPU.Build.0 = Debug|Any CPU
		{B41852A2-7B83-4184-94FF-928E41D21377}.Release|Any CPU.ActiveCfg = Release|Any CPU
		{B41852A2-7B83-4184-94FF-928E41D21377}.Release|Any CPU.Build.0 = Release|Any CPU
		{CBA58AE6-5502-41BD-A9F2-F4AD8B95BE05}.Debug|Any CPU.ActiveCfg = Debug|Any CPU
		{CBA58AE6-5502-41BD-A9F2-F4AD8B95BE05}.Debug|Any CPU.Build.0 = Debug|Any CPU
		{CBA58AE6-5502-41BD-A9F2-F4AD8B95BE05}.Release|Any CPU.ActiveCfg = Release|Any CPU
		{CBA58AE6-5502-41BD-A9F2-F4AD8B95BE05}.Release|Any CPU.Build.0 = Release|Any CPU
		{C1DA27F4-5EF5-418C-9136-0224703C41C2}.Debug|Any CPU.ActiveCfg = Debug|Any CPU
		{C1DA27F4-5EF5-418C-9136-0224703C41C2}.Debug|Any CPU.Build.0 = Debug|Any CPU
		{C1DA27F4-5EF5-418C-9136-0224703C41C2}.Release|Any CPU.ActiveCfg = Release|Any CPU
		{C1DA27F4-5EF5-418C-9136-0224703C41C2}.Release|Any CPU.Build.0 = Release|Any CPU
		{A789650A-7238-4EA7-85BE-1353FBD9C543}.Debug|Any CPU.ActiveCfg = Debug|Any CPU
		{A789650A-7238-4EA7-85BE-1353FBD9C543}.Debug|Any CPU.Build.0 = Debug|Any CPU
		{A789650A-7238-4EA7-85BE-1353FBD9C543}.Release|Any CPU.ActiveCfg = Release|Any CPU
		{A789650A-7238-4EA7-85BE-1353FBD9C543}.Release|Any CPU.Build.0 = Release|Any CPU
		{A6BF04A1-9C6D-4029-A454-3A4036DDD616}.Debug|Any CPU.ActiveCfg = Debug|Any CPU
		{A6BF04A1-9C6D-4029-A454-3A4036DDD616}.Debug|Any CPU.Build.0 = Debug|Any CPU
		{A6BF04A1-9C6D-4029-A454-3A4036DDD616}.Release|Any CPU.ActiveCfg = Release|Any CPU
		{A6BF04A1-9C6D-4029-A454-3A4036DDD616}.Release|Any CPU.Build.0 = Release|Any CPU
		{564F6050-F341-4748-A56E-C40464F64691}.Debug|Any CPU.ActiveCfg = Debug|Any CPU
		{564F6050-F341-4748-A56E-C40464F64691}.Debug|Any CPU.Build.0 = Debug|Any CPU
		{564F6050-F341-4748-A56E-C40464F64691}.Release|Any CPU.ActiveCfg = Release|Any CPU
		{564F6050-F341-4748-A56E-C40464F64691}.Release|Any CPU.Build.0 = Release|Any CPU
		{57FA2B04-7C24-4D4D-AEB9-5394E8D7E75E}.Debug|Any CPU.ActiveCfg = Debug|Any CPU
		{57FA2B04-7C24-4D4D-AEB9-5394E8D7E75E}.Debug|Any CPU.Build.0 = Debug|Any CPU
		{57FA2B04-7C24-4D4D-AEB9-5394E8D7E75E}.Release|Any CPU.ActiveCfg = Release|Any CPU
		{57FA2B04-7C24-4D4D-AEB9-5394E8D7E75E}.Release|Any CPU.Build.0 = Release|Any CPU
		{2B9047F6-0943-4415-8B5A-7CAB605F06C3}.Debug|Any CPU.ActiveCfg = Debug|Any CPU
		{2B9047F6-0943-4415-8B5A-7CAB605F06C3}.Debug|Any CPU.Build.0 = Debug|Any CPU
		{2B9047F6-0943-4415-8B5A-7CAB605F06C3}.Release|Any CPU.ActiveCfg = Release|Any CPU
		{2B9047F6-0943-4415-8B5A-7CAB605F06C3}.Release|Any CPU.Build.0 = Release|Any CPU
		{353259B3-1AFA-477A-BEEA-92CC5372F283}.Debug|Any CPU.ActiveCfg = Debug|Any CPU
		{353259B3-1AFA-477A-BEEA-92CC5372F283}.Debug|Any CPU.Build.0 = Debug|Any CPU
		{353259B3-1AFA-477A-BEEA-92CC5372F283}.Release|Any CPU.ActiveCfg = Release|Any CPU
		{353259B3-1AFA-477A-BEEA-92CC5372F283}.Release|Any CPU.Build.0 = Release|Any CPU
		{60143B3C-B0BE-49B4-9A05-8DBC93D226E9}.Debug|Any CPU.ActiveCfg = Debug|Any CPU
		{60143B3C-B0BE-49B4-9A05-8DBC93D226E9}.Debug|Any CPU.Build.0 = Debug|Any CPU
		{60143B3C-B0BE-49B4-9A05-8DBC93D226E9}.Release|Any CPU.ActiveCfg = Release|Any CPU
		{60143B3C-B0BE-49B4-9A05-8DBC93D226E9}.Release|Any CPU.Build.0 = Release|Any CPU
		{0FE3171A-3546-45C5-B215-A597C40776ED}.Debug|Any CPU.ActiveCfg = Debug|Any CPU
		{0FE3171A-3546-45C5-B215-A597C40776ED}.Debug|Any CPU.Build.0 = Debug|Any CPU
		{0FE3171A-3546-45C5-B215-A597C40776ED}.Release|Any CPU.ActiveCfg = Release|Any CPU
		{0FE3171A-3546-45C5-B215-A597C40776ED}.Release|Any CPU.Build.0 = Release|Any CPU
	EndGlobalSection
	GlobalSection(SolutionProperties) = preSolution
		HideSolutionNode = FALSE
	EndGlobalSection
	GlobalSection(NestedProjects) = preSolution
		{B41852A2-7B83-4184-94FF-928E41D21377} = {AF752F39-B195-4E53-8F9C-AE6622188B6C}
		{CBA58AE6-5502-41BD-A9F2-F4AD8B95BE05} = {73D90756-356C-42B4-AEA4-51EDBEF7E5C5}
		{C1DA27F4-5EF5-418C-9136-0224703C41C2} = {73D90756-356C-42B4-AEA4-51EDBEF7E5C5}
		{A789650A-7238-4EA7-85BE-1353FBD9C543} = {1D1ECF9F-2702-47C6-8810-EDA73351B5F9}
		{A6BF04A1-9C6D-4029-A454-3A4036DDD616} = {1D1ECF9F-2702-47C6-8810-EDA73351B5F9}
		{564F6050-F341-4748-A56E-C40464F64691} = {6A9952FE-84B9-4A7C-9E3A-649E33E97203}
		{57FA2B04-7C24-4D4D-AEB9-5394E8D7E75E} = {6A9952FE-84B9-4A7C-9E3A-649E33E97203}
		{2B9047F6-0943-4415-8B5A-7CAB605F06C3} = {6A9952FE-84B9-4A7C-9E3A-649E33E97203}
		{353259B3-1AFA-477A-BEEA-92CC5372F283} = {73D90756-356C-42B4-AEA4-51EDBEF7E5C5}
		{60143B3C-B0BE-49B4-9A05-8DBC93D226E9} = {1D1ECF9F-2702-47C6-8810-EDA73351B5F9}
		{0FE3171A-3546-45C5-B215-A597C40776ED} = {73D90756-356C-42B4-AEA4-51EDBEF7E5C5}
	EndGlobalSection
	GlobalSection(ExtensibilityGlobals) = postSolution
		SolutionGuid = {5A5DE4AA-BF11-4513-85C9-F72C65AF846F}
	EndGlobalSection
EndGlobal
